// !$*UTF8*$!
{
	archiveVersion = 1;
	classes = {
	};
	objectVersion = 50;
	objects = {

/* Begin PBXBuildFile section */
		0880D17E258F478500C92638 /* Codility11.swift in Sources */ = {isa = PBXBuildFile; fileRef = 0880D17D258F478500C92638 /* Codility11.swift */; };
		08A8C7C7259A090300A193B4 /* Lesson14BinarySearch.swift in Sources */ = {isa = PBXBuildFile; fileRef = 08A8C7C6259A090300A193B4 /* Lesson14BinarySearch.swift */; };
		08A8C7CC259A093200A193B4 /* MinMaxDivision.swift in Sources */ = {isa = PBXBuildFile; fileRef = 08A8C7CB259A093200A193B4 /* MinMaxDivision.swift */; };
		08A8C7D2259A093D00A193B4 /* NailingPlanks.swift in Sources */ = {isa = PBXBuildFile; fileRef = 08A8C7D1259A093D00A193B4 /* NailingPlanks.swift */; };
		08CA75AE25AB1F9D00659657 /* Lesson16Greedy.swift in Sources */ = {isa = PBXBuildFile; fileRef = 08CA75AD25AB1F9D00659657 /* Lesson16Greedy.swift */; };
		08CA75B325AB241300659657 /* MaxNonoverlappingSegments.swift in Sources */ = {isa = PBXBuildFile; fileRef = 08CA75B225AB241300659657 /* MaxNonoverlappingSegments.swift */; };
		08CA75B925AB242500659657 /* TieRopes.swift in Sources */ = {isa = PBXBuildFile; fileRef = 08CA75B825AB242500659657 /* TieRopes.swift */; };
		24352CDD2584CAA90010A346 /* AppDelegate.swift in Sources */ = {isa = PBXBuildFile; fileRef = 24352CDC2584CAA90010A346 /* AppDelegate.swift */; };
		24352CDF2584CAA90010A346 /* SceneDelegate.swift in Sources */ = {isa = PBXBuildFile; fileRef = 24352CDE2584CAA90010A346 /* SceneDelegate.swift */; };
		24352CE12584CAA90010A346 /* ViewController.swift in Sources */ = {isa = PBXBuildFile; fileRef = 24352CE02584CAA90010A346 /* ViewController.swift */; };
		24352CE42584CAA90010A346 /* Main.storyboard in Resources */ = {isa = PBXBuildFile; fileRef = 24352CE22584CAA90010A346 /* Main.storyboard */; };
		24352CE62584CAA90010A346 /* Assets.xcassets in Resources */ = {isa = PBXBuildFile; fileRef = 24352CE52584CAA90010A346 /* Assets.xcassets */; };
		24352CE92584CAA90010A346 /* LaunchScreen.storyboard in Resources */ = {isa = PBXBuildFile; fileRef = 24352CE72584CAA90010A346 /* LaunchScreen.storyboard */; };
		24352D142584CAC20010A346 /* CodilityBasic1to5.swift in Sources */ = {isa = PBXBuildFile; fileRef = 24352D132584CAC20010A346 /* CodilityBasic1to5.swift */; };
		24352D232584CB340010A346 /* CodilityTests.swift in Sources */ = {isa = PBXBuildFile; fileRef = 24352D222584CB340010A346 /* CodilityTests.swift */; };
		2445EF8F259367FF00A2E70B /* CountNonDivisible.swift in Sources */ = {isa = PBXBuildFile; fileRef = 2445EF8E259367FF00A2E70B /* CountNonDivisible.swift */; };
		2445EF9B259380B300A2E70B /* CountSemiprimes.swift in Sources */ = {isa = PBXBuildFile; fileRef = 2445EF9A259380B300A2E70B /* CountSemiprimes.swift */; };
		2469DF74258A199C00C66490 /* Codility9to10.swift in Sources */ = {isa = PBXBuildFile; fileRef = 2469DF73258A199C00C66490 /* Codility9to10.swift */; };
		24760BB125A0B25400D37772 /* AbsDistinct.swift in Sources */ = {isa = PBXBuildFile; fileRef = 24760BB025A0B25400D37772 /* AbsDistinct.swift */; };
		24760BB725A0BA8A00D37772 /* CountDistinctSlices.swift in Sources */ = {isa = PBXBuildFile; fileRef = 24760BB625A0BA8A00D37772 /* CountDistinctSlices.swift */; };
		24B861F525861390000A3579 /* Codility6to8.swift in Sources */ = {isa = PBXBuildFile; fileRef = 24B861F425861390000A3579 /* Codility6to8.swift */; };
		24CE39F125989926001B6B3E /* Ladder.swift in Sources */ = {isa = PBXBuildFile; fileRef = 24CE39F025989926001B6B3E /* Ladder.swift */; };
		24D2F2BC25A1588A0040B7A7 /* CountTriangles.swift in Sources */ = {isa = PBXBuildFile; fileRef = 24D2F2BB25A1588A0040B7A7 /* CountTriangles.swift */; };
		24D2F2C025A20B6F0040B7A7 /* MinAbsSumOfTwo.swift in Sources */ = {isa = PBXBuildFile; fileRef = 24D2F2BF25A20B6F0040B7A7 /* MinAbsSumOfTwo.swift */; };
		24DC8F18259454AA00C64726 /* Codility12.swift in Sources */ = {isa = PBXBuildFile; fileRef = 24DC8F17259454AA00C64726 /* Codility12.swift */; };
		24DC8F1D259475CD00C64726 /* EuclideanAlgorithm.swift in Sources */ = {isa = PBXBuildFile; fileRef = 24DC8F1C259475CD00C64726 /* EuclideanAlgorithm.swift */; };
		24F7B7222595501E007E4C7C /* ChocolatesByNumbers.swift in Sources */ = {isa = PBXBuildFile; fileRef = 24F7B7212595501E007E4C7C /* ChocolatesByNumbers.swift */; };
		24F7B726259576B1007E4C7C /* CommonPrimeDivisors.swift in Sources */ = {isa = PBXBuildFile; fileRef = 24F7B725259576B1007E4C7C /* CommonPrimeDivisors.swift */; };
		24F7B72A2596F218007E4C7C /* Lesson13Fibonacci.swift in Sources */ = {isa = PBXBuildFile; fileRef = 24F7B7292596F218007E4C7C /* Lesson13Fibonacci.swift */; };
		24F7B7312597032E007E4C7C /* Fibonacci.swift in Sources */ = {isa = PBXBuildFile; fileRef = 24F7B7302597032E007E4C7C /* Fibonacci.swift */; };
		24F7B7352597090C007E4C7C /* FibFrog.swift in Sources */ = {isa = PBXBuildFile; fileRef = 24F7B7342597090C007E4C7C /* FibFrog.swift */; };
/* End PBXBuildFile section */

/* Begin PBXContainerItemProxy section */
		24352CF02584CAA90010A346 /* PBXContainerItemProxy */ = {
			isa = PBXContainerItemProxy;
			containerPortal = 24352CD12584CAA90010A346 /* Project object */;
			proxyType = 1;
			remoteGlobalIDString = 24352CD82584CAA90010A346;
			remoteInfo = CodeTraining;
		};
/* End PBXContainerItemProxy section */

/* Begin PBXFileReference section */
		0880D17D258F478500C92638 /* Codility11.swift */ = {isa = PBXFileReference; lastKnownFileType = sourcecode.swift; path = Codility11.swift; sourceTree = "<group>"; };
		08A8C7C6259A090300A193B4 /* Lesson14BinarySearch.swift */ = {isa = PBXFileReference; lastKnownFileType = sourcecode.swift; path = Lesson14BinarySearch.swift; sourceTree = "<group>"; };
		08A8C7CB259A093200A193B4 /* MinMaxDivision.swift */ = {isa = PBXFileReference; lastKnownFileType = sourcecode.swift; path = MinMaxDivision.swift; sourceTree = "<group>"; };
		08A8C7D1259A093D00A193B4 /* NailingPlanks.swift */ = {isa = PBXFileReference; lastKnownFileType = sourcecode.swift; path = NailingPlanks.swift; sourceTree = "<group>"; };
		08CA75AD25AB1F9D00659657 /* Lesson16Greedy.swift */ = {isa = PBXFileReference; lastKnownFileType = sourcecode.swift; path = Lesson16Greedy.swift; sourceTree = "<group>"; };
		08CA75B225AB241300659657 /* MaxNonoverlappingSegments.swift */ = {isa = PBXFileReference; lastKnownFileType = sourcecode.swift; path = MaxNonoverlappingSegments.swift; sourceTree = "<group>"; };
		08CA75B825AB242500659657 /* TieRopes.swift */ = {isa = PBXFileReference; lastKnownFileType = sourcecode.swift; path = TieRopes.swift; sourceTree = "<group>"; };
		24352CD92584CAA90010A346 /* CodeTraining.app */ = {isa = PBXFileReference; explicitFileType = wrapper.application; includeInIndex = 0; path = CodeTraining.app; sourceTree = BUILT_PRODUCTS_DIR; };
		24352CDC2584CAA90010A346 /* AppDelegate.swift */ = {isa = PBXFileReference; lastKnownFileType = sourcecode.swift; path = AppDelegate.swift; sourceTree = "<group>"; };
		24352CDE2584CAA90010A346 /* SceneDelegate.swift */ = {isa = PBXFileReference; lastKnownFileType = sourcecode.swift; path = SceneDelegate.swift; sourceTree = "<group>"; };
		24352CE02584CAA90010A346 /* ViewController.swift */ = {isa = PBXFileReference; lastKnownFileType = sourcecode.swift; path = ViewController.swift; sourceTree = "<group>"; };
		24352CE32584CAA90010A346 /* Base */ = {isa = PBXFileReference; lastKnownFileType = file.storyboard; name = Base; path = Base.lproj/Main.storyboard; sourceTree = "<group>"; };
		24352CE52584CAA90010A346 /* Assets.xcassets */ = {isa = PBXFileReference; lastKnownFileType = folder.assetcatalog; path = Assets.xcassets; sourceTree = "<group>"; };
		24352CE82584CAA90010A346 /* Base */ = {isa = PBXFileReference; lastKnownFileType = file.storyboard; name = Base; path = Base.lproj/LaunchScreen.storyboard; sourceTree = "<group>"; };
		24352CEA2584CAA90010A346 /* Info.plist */ = {isa = PBXFileReference; lastKnownFileType = text.plist.xml; path = Info.plist; sourceTree = "<group>"; };
		24352CEF2584CAA90010A346 /* CodeTrainingTests.xctest */ = {isa = PBXFileReference; explicitFileType = wrapper.cfbundle; includeInIndex = 0; path = CodeTrainingTests.xctest; sourceTree = BUILT_PRODUCTS_DIR; };
		24352CF52584CAA90010A346 /* Info.plist */ = {isa = PBXFileReference; lastKnownFileType = text.plist.xml; path = Info.plist; sourceTree = "<group>"; };
		24352D132584CAC20010A346 /* CodilityBasic1to5.swift */ = {isa = PBXFileReference; lastKnownFileType = sourcecode.swift; path = CodilityBasic1to5.swift; sourceTree = "<group>"; };
		24352D222584CB340010A346 /* CodilityTests.swift */ = {isa = PBXFileReference; lastKnownFileType = sourcecode.swift; path = CodilityTests.swift; sourceTree = "<group>"; };
		2445EF8E259367FF00A2E70B /* CountNonDivisible.swift */ = {isa = PBXFileReference; lastKnownFileType = sourcecode.swift; path = CountNonDivisible.swift; sourceTree = "<group>"; };
		2445EF9A259380B300A2E70B /* CountSemiprimes.swift */ = {isa = PBXFileReference; lastKnownFileType = sourcecode.swift; path = CountSemiprimes.swift; sourceTree = "<group>"; };
		2469DF73258A199C00C66490 /* Codility9to10.swift */ = {isa = PBXFileReference; lastKnownFileType = sourcecode.swift; path = Codility9to10.swift; sourceTree = "<group>"; };
		24760BB025A0B25400D37772 /* AbsDistinct.swift */ = {isa = PBXFileReference; lastKnownFileType = sourcecode.swift; path = AbsDistinct.swift; sourceTree = "<group>"; };
		24760BB625A0BA8A00D37772 /* CountDistinctSlices.swift */ = {isa = PBXFileReference; lastKnownFileType = sourcecode.swift; path = CountDistinctSlices.swift; sourceTree = "<group>"; };
		24B861F425861390000A3579 /* Codility6to8.swift */ = {isa = PBXFileReference; lastKnownFileType = sourcecode.swift; path = Codility6to8.swift; sourceTree = "<group>"; };
		24CE39F025989926001B6B3E /* Ladder.swift */ = {isa = PBXFileReference; lastKnownFileType = sourcecode.swift; path = Ladder.swift; sourceTree = "<group>"; };
		24D2F2BB25A1588A0040B7A7 /* CountTriangles.swift */ = {isa = PBXFileReference; lastKnownFileType = sourcecode.swift; path = CountTriangles.swift; sourceTree = "<group>"; };
		24D2F2BF25A20B6F0040B7A7 /* MinAbsSumOfTwo.swift */ = {isa = PBXFileReference; lastKnownFileType = sourcecode.swift; path = MinAbsSumOfTwo.swift; sourceTree = "<group>"; };
		24DC8F17259454AA00C64726 /* Codility12.swift */ = {isa = PBXFileReference; lastKnownFileType = sourcecode.swift; path = Codility12.swift; sourceTree = "<group>"; };
		24DC8F1C259475CD00C64726 /* EuclideanAlgorithm.swift */ = {isa = PBXFileReference; lastKnownFileType = sourcecode.swift; path = EuclideanAlgorithm.swift; sourceTree = "<group>"; };
		24F7B7212595501E007E4C7C /* ChocolatesByNumbers.swift */ = {isa = PBXFileReference; lastKnownFileType = sourcecode.swift; path = ChocolatesByNumbers.swift; sourceTree = "<group>"; };
		24F7B725259576B1007E4C7C /* CommonPrimeDivisors.swift */ = {isa = PBXFileReference; lastKnownFileType = sourcecode.swift; path = CommonPrimeDivisors.swift; sourceTree = "<group>"; };
		24F7B7292596F218007E4C7C /* Lesson13Fibonacci.swift */ = {isa = PBXFileReference; lastKnownFileType = sourcecode.swift; path = Lesson13Fibonacci.swift; sourceTree = "<group>"; };
		24F7B7302597032E007E4C7C /* Fibonacci.swift */ = {isa = PBXFileReference; lastKnownFileType = sourcecode.swift; path = Fibonacci.swift; sourceTree = "<group>"; };
		24F7B7342597090C007E4C7C /* FibFrog.swift */ = {isa = PBXFileReference; lastKnownFileType = sourcecode.swift; path = FibFrog.swift; sourceTree = "<group>"; };
/* End PBXFileReference section */

/* Begin PBXFrameworksBuildPhase section */
		24352CD62584CAA90010A346 /* Frameworks */ = {
			isa = PBXFrameworksBuildPhase;
			buildActionMask = 2147483647;
			files = (
			);
			runOnlyForDeploymentPostprocessing = 0;
		};
		24352CEC2584CAA90010A346 /* Frameworks */ = {
			isa = PBXFrameworksBuildPhase;
			buildActionMask = 2147483647;
			files = (
			);
			runOnlyForDeploymentPostprocessing = 0;
		};
/* End PBXFrameworksBuildPhase section */

/* Begin PBXGroup section */
		0881D1AD25AC7C5400D595D8 /* HackerRank */ = {
			isa = PBXGroup;
			children = (
			);
			path = HackerRank;
			sourceTree = "<group>";
		};
		08A8C7CA259A092300A193B4 /* Lesson14 */ = {
			isa = PBXGroup;
			children = (
				08A8C7CB259A093200A193B4 /* MinMaxDivision.swift */,
				08A8C7D1259A093D00A193B4 /* NailingPlanks.swift */,
			);
			path = Lesson14;
			sourceTree = "<group>";
		};
		08CA75B125AB23FC00659657 /* Lesson16 */ = {
			isa = PBXGroup;
			children = (
				08CA75B225AB241300659657 /* MaxNonoverlappingSegments.swift */,
				08CA75B825AB242500659657 /* TieRopes.swift */,
			);
			path = Lesson16;
			sourceTree = "<group>";
		};
		24352CD02584CAA90010A346 = {
			isa = PBXGroup;
			children = (
				24352CDB2584CAA90010A346 /* CodeTraining */,
				24352CF22584CAA90010A346 /* CodeTrainingTests */,
				24352CDA2584CAA90010A346 /* Products */,
			);
			sourceTree = "<group>";
		};
		24352CDA2584CAA90010A346 /* Products */ = {
			isa = PBXGroup;
			children = (
				24352CD92584CAA90010A346 /* CodeTraining.app */,
				24352CEF2584CAA90010A346 /* CodeTrainingTests.xctest */,
			);
			name = Products;
			sourceTree = "<group>";
		};
		24352CDB2584CAA90010A346 /* CodeTraining */ = {
			isa = PBXGroup;
			children = (
				24352D0F2584CAB20010A346 /* CodilityLessonStudying */,
				24352CDC2584CAA90010A346 /* AppDelegate.swift */,
				24352CDE2584CAA90010A346 /* SceneDelegate.swift */,
				24352CE02584CAA90010A346 /* ViewController.swift */,
				24352CE22584CAA90010A346 /* Main.storyboard */,
				24352CE52584CAA90010A346 /* Assets.xcassets */,
				24352CE72584CAA90010A346 /* LaunchScreen.storyboard */,
				24352CEA2584CAA90010A346 /* Info.plist */,
			);
			path = CodeTraining;
			sourceTree = "<group>";
		};
		24352CF22584CAA90010A346 /* CodeTrainingTests */ = {
			isa = PBXGroup;
			children = (
				0881D1AD25AC7C5400D595D8 /* HackerRank */,
				24352D1B2584CAD00010A346 /* Codility */,
				24352CF52584CAA90010A346 /* Info.plist */,
			);
			path = CodeTrainingTests;
			sourceTree = "<group>";
		};
		24352D0F2584CAB20010A346 /* CodilityLessonStudying */ = {
			isa = PBXGroup;
			children = (
				24352D132584CAC20010A346 /* CodilityBasic1to5.swift */,
				2469DF73258A199C00C66490 /* Codility9to10.swift */,
				24B861F425861390000A3579 /* Codility6to8.swift */,
				0880D17D258F478500C92638 /* Codility11.swift */,
				24DC8F17259454AA00C64726 /* Codility12.swift */,
				24F7B7292596F218007E4C7C /* Lesson13Fibonacci.swift */,
				08A8C7C6259A090300A193B4 /* Lesson14BinarySearch.swift */,
				08CA75AD25AB1F9D00659657 /* Lesson16Greedy.swift */,
			);
			path = CodilityLessonStudying;
			sourceTree = "<group>";
		};
		24352D1B2584CAD00010A346 /* Codility */ = {
			isa = PBXGroup;
			children = (
				08CA75B125AB23FC00659657 /* Lesson16 */,
				24760BAF25A0B23400D37772 /* Lesson15 */,
				08A8C7CA259A092300A193B4 /* Lesson14 */,
				24F7B72D2596F4C3007E4C7C /* Lesson13 */,
				24DC8F1B259475AD00C64726 /* Lesson12 */,
				2445EF8D259367D200A2E70B /* Lesson11 */,
				24352D222584CB340010A346 /* CodilityTests.swift */,
			);
			path = Codility;
			sourceTree = "<group>";
		};
		2445EF8D259367D200A2E70B /* Lesson11 */ = {
			isa = PBXGroup;
			children = (
				2445EF8E259367FF00A2E70B /* CountNonDivisible.swift */,
				2445EF9A259380B300A2E70B /* CountSemiprimes.swift */,
			);
			path = Lesson11;
			sourceTree = "<group>";
		};
		24760BAF25A0B23400D37772 /* Lesson15 */ = {
			isa = PBXGroup;
			children = (
				24760BB025A0B25400D37772 /* AbsDistinct.swift */,
				24760BB625A0BA8A00D37772 /* CountDistinctSlices.swift */,
				24D2F2BB25A1588A0040B7A7 /* CountTriangles.swift */,
				24D2F2BF25A20B6F0040B7A7 /* MinAbsSumOfTwo.swift */,
			);
			path = Lesson15;
			sourceTree = "<group>";
		};
		24DC8F1B259475AD00C64726 /* Lesson12 */ = {
			isa = PBXGroup;
			children = (
				24DC8F1C259475CD00C64726 /* EuclideanAlgorithm.swift */,
				24F7B7212595501E007E4C7C /* ChocolatesByNumbers.swift */,
				24F7B725259576B1007E4C7C /* CommonPrimeDivisors.swift */,
			);
			path = Lesson12;
			sourceTree = "<group>";
		};
		24F7B72D2596F4C3007E4C7C /* Lesson13 */ = {
			isa = PBXGroup;
			children = (
				24F7B7302597032E007E4C7C /* Fibonacci.swift */,
				24F7B7342597090C007E4C7C /* FibFrog.swift */,
				24CE39F025989926001B6B3E /* Ladder.swift */,
			);
			path = Lesson13;
			sourceTree = "<group>";
		};
/* End PBXGroup section */

/* Begin PBXNativeTarget section */
		24352CD82584CAA90010A346 /* CodeTraining */ = {
			isa = PBXNativeTarget;
			buildConfigurationList = 24352D032584CAA90010A346 /* Build configuration list for PBXNativeTarget "CodeTraining" */;
			buildPhases = (
				24352CD52584CAA90010A346 /* Sources */,
				24352CD62584CAA90010A346 /* Frameworks */,
				24352CD72584CAA90010A346 /* Resources */,
			);
			buildRules = (
			);
			dependencies = (
			);
			name = CodeTraining;
			productName = CodeTraining;
			productReference = 24352CD92584CAA90010A346 /* CodeTraining.app */;
			productType = "com.apple.product-type.application";
		};
		24352CEE2584CAA90010A346 /* CodeTrainingTests */ = {
			isa = PBXNativeTarget;
			buildConfigurationList = 24352D062584CAA90010A346 /* Build configuration list for PBXNativeTarget "CodeTrainingTests" */;
			buildPhases = (
				24352CEB2584CAA90010A346 /* Sources */,
				24352CEC2584CAA90010A346 /* Frameworks */,
				24352CED2584CAA90010A346 /* Resources */,
			);
			buildRules = (
			);
			dependencies = (
				24352CF12584CAA90010A346 /* PBXTargetDependency */,
			);
			name = CodeTrainingTests;
			productName = CodeTrainingTests;
			productReference = 24352CEF2584CAA90010A346 /* CodeTrainingTests.xctest */;
			productType = "com.apple.product-type.bundle.unit-test";
		};
/* End PBXNativeTarget section */

/* Begin PBXProject section */
		24352CD12584CAA90010A346 /* Project object */ = {
			isa = PBXProject;
			attributes = {
				LastSwiftUpdateCheck = 1220;
				LastUpgradeCheck = 1220;
				TargetAttributes = {
					24352CD82584CAA90010A346 = {
						CreatedOnToolsVersion = 12.2;
					};
					24352CEE2584CAA90010A346 = {
						CreatedOnToolsVersion = 12.2;
						LastSwiftMigration = 1220;
						TestTargetID = 24352CD82584CAA90010A346;
					};
				};
			};
			buildConfigurationList = 24352CD42584CAA90010A346 /* Build configuration list for PBXProject "CodeTraining" */;
			compatibilityVersion = "Xcode 9.3";
			developmentRegion = en;
			hasScannedForEncodings = 0;
			knownRegions = (
				en,
				Base,
			);
			mainGroup = 24352CD02584CAA90010A346;
			productRefGroup = 24352CDA2584CAA90010A346 /* Products */;
			projectDirPath = "";
			projectRoot = "";
			targets = (
				24352CD82584CAA90010A346 /* CodeTraining */,
				24352CEE2584CAA90010A346 /* CodeTrainingTests */,
			);
		};
/* End PBXProject section */

/* Begin PBXResourcesBuildPhase section */
		24352CD72584CAA90010A346 /* Resources */ = {
			isa = PBXResourcesBuildPhase;
			buildActionMask = 2147483647;
			files = (
				24352CE92584CAA90010A346 /* LaunchScreen.storyboard in Resources */,
				24352CE62584CAA90010A346 /* Assets.xcassets in Resources */,
				24352CE42584CAA90010A346 /* Main.storyboard in Resources */,
			);
			runOnlyForDeploymentPostprocessing = 0;
		};
		24352CED2584CAA90010A346 /* Resources */ = {
			isa = PBXResourcesBuildPhase;
			buildActionMask = 2147483647;
			files = (
			);
			runOnlyForDeploymentPostprocessing = 0;
		};
/* End PBXResourcesBuildPhase section */

/* Begin PBXSourcesBuildPhase section */
		24352CD52584CAA90010A346 /* Sources */ = {
			isa = PBXSourcesBuildPhase;
			buildActionMask = 2147483647;
			files = (
				24352CE12584CAA90010A346 /* ViewController.swift in Sources */,
				0880D17E258F478500C92638 /* Codility11.swift in Sources */,
				2469DF74258A199C00C66490 /* Codility9to10.swift in Sources */,
				24352D142584CAC20010A346 /* CodilityBasic1to5.swift in Sources */,
				24352CDD2584CAA90010A346 /* AppDelegate.swift in Sources */,
				08A8C7C7259A090300A193B4 /* Lesson14BinarySearch.swift in Sources */,
				24B861F525861390000A3579 /* Codility6to8.swift in Sources */,
				24352CDF2584CAA90010A346 /* SceneDelegate.swift in Sources */,
				08CA75AE25AB1F9D00659657 /* Lesson16Greedy.swift in Sources */,
				24F7B72A2596F218007E4C7C /* Lesson13Fibonacci.swift in Sources */,
				24DC8F18259454AA00C64726 /* Codility12.swift in Sources */,
			);
			runOnlyForDeploymentPostprocessing = 0;
		};
		24352CEB2584CAA90010A346 /* Sources */ = {
			isa = PBXSourcesBuildPhase;
			buildActionMask = 2147483647;
			files = (
				24F7B726259576B1007E4C7C /* CommonPrimeDivisors.swift in Sources */,
				24D2F2BC25A1588A0040B7A7 /* CountTriangles.swift in Sources */,
				24760BB725A0BA8A00D37772 /* CountDistinctSlices.swift in Sources */,
				24DC8F1D259475CD00C64726 /* EuclideanAlgorithm.swift in Sources */,
				24F7B7222595501E007E4C7C /* ChocolatesByNumbers.swift in Sources */,
				24F7B7312597032E007E4C7C /* Fibonacci.swift in Sources */,
				08CA75B925AB242500659657 /* TieRopes.swift in Sources */,
				08A8C7D2259A093D00A193B4 /* NailingPlanks.swift in Sources */,
				24CE39F125989926001B6B3E /* Ladder.swift in Sources */,
				08CA75B325AB241300659657 /* MaxNonoverlappingSegments.swift in Sources */,
				2445EF8F259367FF00A2E70B /* CountNonDivisible.swift in Sources */,
				24D2F2C025A20B6F0040B7A7 /* MinAbsSumOfTwo.swift in Sources */,
				24352D232584CB340010A346 /* CodilityTests.swift in Sources */,
				24760BB125A0B25400D37772 /* AbsDistinct.swift in Sources */,
				2445EF9B259380B300A2E70B /* CountSemiprimes.swift in Sources */,
				08A8C7CC259A093200A193B4 /* MinMaxDivision.swift in Sources */,
				24F7B7352597090C007E4C7C /* FibFrog.swift in Sources */,
			);
			runOnlyForDeploymentPostprocessing = 0;
		};
/* End PBXSourcesBuildPhase section */

/* Begin PBXTargetDependency section */
		24352CF12584CAA90010A346 /* PBXTargetDependency */ = {
			isa = PBXTargetDependency;
			target = 24352CD82584CAA90010A346 /* CodeTraining */;
			targetProxy = 24352CF02584CAA90010A346 /* PBXContainerItemProxy */;
		};
/* End PBXTargetDependency section */

/* Begin PBXVariantGroup section */
		24352CE22584CAA90010A346 /* Main.storyboard */ = {
			isa = PBXVariantGroup;
			children = (
				24352CE32584CAA90010A346 /* Base */,
			);
			name = Main.storyboard;
			sourceTree = "<group>";
		};
		24352CE72584CAA90010A346 /* LaunchScreen.storyboard */ = {
			isa = PBXVariantGroup;
			children = (
				24352CE82584CAA90010A346 /* Base */,
			);
			name = LaunchScreen.storyboard;
			sourceTree = "<group>";
		};
/* End PBXVariantGroup section */

/* Begin XCBuildConfiguration section */
		24352D012584CAA90010A346 /* Debug */ = {
			isa = XCBuildConfiguration;
			buildSettings = {
				ALWAYS_SEARCH_USER_PATHS = NO;
				CLANG_ANALYZER_NONNULL = YES;
				CLANG_ANALYZER_NUMBER_OBJECT_CONVERSION = YES_AGGRESSIVE;
				CLANG_CXX_LANGUAGE_STANDARD = "gnu++14";
				CLANG_CXX_LIBRARY = "libc++";
				CLANG_ENABLE_MODULES = YES;
				CLANG_ENABLE_OBJC_ARC = YES;
				CLANG_ENABLE_OBJC_WEAK = YES;
				CLANG_WARN_BLOCK_CAPTURE_AUTORELEASING = YES;
				CLANG_WARN_BOOL_CONVERSION = YES;
				CLANG_WARN_COMMA = YES;
				CLANG_WARN_CONSTANT_CONVERSION = YES;
				CLANG_WARN_DEPRECATED_OBJC_IMPLEMENTATIONS = YES;
				CLANG_WARN_DIRECT_OBJC_ISA_USAGE = YES_ERROR;
				CLANG_WARN_DOCUMENTATION_COMMENTS = YES;
				CLANG_WARN_EMPTY_BODY = YES;
				CLANG_WARN_ENUM_CONVERSION = YES;
				CLANG_WARN_INFINITE_RECURSION = YES;
				CLANG_WARN_INT_CONVERSION = YES;
				CLANG_WARN_NON_LITERAL_NULL_CONVERSION = YES;
				CLANG_WARN_OBJC_IMPLICIT_RETAIN_SELF = YES;
				CLANG_WARN_OBJC_LITERAL_CONVERSION = YES;
				CLANG_WARN_OBJC_ROOT_CLASS = YES_ERROR;
				CLANG_WARN_QUOTED_INCLUDE_IN_FRAMEWORK_HEADER = YES;
				CLANG_WARN_RANGE_LOOP_ANALYSIS = YES;
				CLANG_WARN_STRICT_PROTOTYPES = YES;
				CLANG_WARN_SUSPICIOUS_MOVE = YES;
				CLANG_WARN_UNGUARDED_AVAILABILITY = YES_AGGRESSIVE;
				CLANG_WARN_UNREACHABLE_CODE = YES;
				CLANG_WARN__DUPLICATE_METHOD_MATCH = YES;
				COPY_PHASE_STRIP = NO;
				DEBUG_INFORMATION_FORMAT = dwarf;
				ENABLE_STRICT_OBJC_MSGSEND = YES;
				ENABLE_TESTABILITY = YES;
				GCC_C_LANGUAGE_STANDARD = gnu11;
				GCC_DYNAMIC_NO_PIC = NO;
				GCC_NO_COMMON_BLOCKS = YES;
				GCC_OPTIMIZATION_LEVEL = 0;
				GCC_PREPROCESSOR_DEFINITIONS = (
					"DEBUG=1",
					"$(inherited)",
				);
				GCC_WARN_64_TO_32_BIT_CONVERSION = YES;
				GCC_WARN_ABOUT_RETURN_TYPE = YES_ERROR;
				GCC_WARN_UNDECLARED_SELECTOR = YES;
				GCC_WARN_UNINITIALIZED_AUTOS = YES_AGGRESSIVE;
				GCC_WARN_UNUSED_FUNCTION = YES;
				GCC_WARN_UNUSED_VARIABLE = YES;
				IPHONEOS_DEPLOYMENT_TARGET = 14.2;
				MTL_ENABLE_DEBUG_INFO = INCLUDE_SOURCE;
				MTL_FAST_MATH = YES;
				ONLY_ACTIVE_ARCH = YES;
				SDKROOT = iphoneos;
				SWIFT_ACTIVE_COMPILATION_CONDITIONS = DEBUG;
				SWIFT_OPTIMIZATION_LEVEL = "-Onone";
			};
			name = Debug;
		};
		24352D022584CAA90010A346 /* Release */ = {
			isa = XCBuildConfiguration;
			buildSettings = {
				ALWAYS_SEARCH_USER_PATHS = NO;
				CLANG_ANALYZER_NONNULL = YES;
				CLANG_ANALYZER_NUMBER_OBJECT_CONVERSION = YES_AGGRESSIVE;
				CLANG_CXX_LANGUAGE_STANDARD = "gnu++14";
				CLANG_CXX_LIBRARY = "libc++";
				CLANG_ENABLE_MODULES = YES;
				CLANG_ENABLE_OBJC_ARC = YES;
				CLANG_ENABLE_OBJC_WEAK = YES;
				CLANG_WARN_BLOCK_CAPTURE_AUTORELEASING = YES;
				CLANG_WARN_BOOL_CONVERSION = YES;
				CLANG_WARN_COMMA = YES;
				CLANG_WARN_CONSTANT_CONVERSION = YES;
				CLANG_WARN_DEPRECATED_OBJC_IMPLEMENTATIONS = YES;
				CLANG_WARN_DIRECT_OBJC_ISA_USAGE = YES_ERROR;
				CLANG_WARN_DOCUMENTATION_COMMENTS = YES;
				CLANG_WARN_EMPTY_BODY = YES;
				CLANG_WARN_ENUM_CONVERSION = YES;
				CLANG_WARN_INFINITE_RECURSION = YES;
				CLANG_WARN_INT_CONVERSION = YES;
				CLANG_WARN_NON_LITERAL_NULL_CONVERSION = YES;
				CLANG_WARN_OBJC_IMPLICIT_RETAIN_SELF = YES;
				CLANG_WARN_OBJC_LITERAL_CONVERSION = YES;
				CLANG_WARN_OBJC_ROOT_CLASS = YES_ERROR;
				CLANG_WARN_QUOTED_INCLUDE_IN_FRAMEWORK_HEADER = YES;
				CLANG_WARN_RANGE_LOOP_ANALYSIS = YES;
				CLANG_WARN_STRICT_PROTOTYPES = YES;
				CLANG_WARN_SUSPICIOUS_MOVE = YES;
				CLANG_WARN_UNGUARDED_AVAILABILITY = YES_AGGRESSIVE;
				CLANG_WARN_UNREACHABLE_CODE = YES;
				CLANG_WARN__DUPLICATE_METHOD_MATCH = YES;
				COPY_PHASE_STRIP = NO;
				DEBUG_INFORMATION_FORMAT = "dwarf-with-dsym";
				ENABLE_NS_ASSERTIONS = NO;
				ENABLE_STRICT_OBJC_MSGSEND = YES;
				GCC_C_LANGUAGE_STANDARD = gnu11;
				GCC_NO_COMMON_BLOCKS = YES;
				GCC_WARN_64_TO_32_BIT_CONVERSION = YES;
				GCC_WARN_ABOUT_RETURN_TYPE = YES_ERROR;
				GCC_WARN_UNDECLARED_SELECTOR = YES;
				GCC_WARN_UNINITIALIZED_AUTOS = YES_AGGRESSIVE;
				GCC_WARN_UNUSED_FUNCTION = YES;
				GCC_WARN_UNUSED_VARIABLE = YES;
				IPHONEOS_DEPLOYMENT_TARGET = 14.2;
				MTL_ENABLE_DEBUG_INFO = NO;
				MTL_FAST_MATH = YES;
				SDKROOT = iphoneos;
				SWIFT_COMPILATION_MODE = wholemodule;
				SWIFT_OPTIMIZATION_LEVEL = "-O";
				VALIDATE_PRODUCT = YES;
			};
			name = Release;
		};
		24352D042584CAA90010A346 /* Debug */ = {
			isa = XCBuildConfiguration;
			buildSettings = {
				ASSETCATALOG_COMPILER_APPICON_NAME = AppIcon;
				ASSETCATALOG_COMPILER_GLOBAL_ACCENT_COLOR_NAME = AccentColor;
				CODE_SIGN_STYLE = Automatic;
				DEVELOPMENT_TEAM = 7DRKXA27FG;
				INFOPLIST_FILE = CodeTraining/Info.plist;
				IPHONEOS_DEPLOYMENT_TARGET = 13.0;
				LD_RUNPATH_SEARCH_PATHS = (
					"$(inherited)",
					"@executable_path/Frameworks",
				);
				PRODUCT_BUNDLE_IDENTIFIER = com.jkkb.CodeTraining;
				PRODUCT_NAME = "$(TARGET_NAME)";
				SWIFT_VERSION = 5.0;
				TARGETED_DEVICE_FAMILY = "1,2";
			};
			name = Debug;
		};
		24352D052584CAA90010A346 /* Release */ = {
			isa = XCBuildConfiguration;
			buildSettings = {
				ASSETCATALOG_COMPILER_APPICON_NAME = AppIcon;
				ASSETCATALOG_COMPILER_GLOBAL_ACCENT_COLOR_NAME = AccentColor;
				CODE_SIGN_STYLE = Automatic;
				DEVELOPMENT_TEAM = 7DRKXA27FG;
				INFOPLIST_FILE = CodeTraining/Info.plist;
				IPHONEOS_DEPLOYMENT_TARGET = 13.0;
				LD_RUNPATH_SEARCH_PATHS = (
					"$(inherited)",
					"@executable_path/Frameworks",
				);
				PRODUCT_BUNDLE_IDENTIFIER = com.jkkb.CodeTraining;
				PRODUCT_NAME = "$(TARGET_NAME)";
				SWIFT_VERSION = 5.0;
				TARGETED_DEVICE_FAMILY = "1,2";
			};
			name = Release;
		};
		24352D072584CAA90010A346 /* Debug */ = {
			isa = XCBuildConfiguration;
			buildSettings = {
				ALWAYS_EMBED_SWIFT_STANDARD_LIBRARIES = YES;
				BUNDLE_LOADER = "$(TEST_HOST)";
				CLANG_ENABLE_MODULES = YES;
				CODE_SIGN_STYLE = Automatic;
				DEVELOPMENT_TEAM = 2427333XUL;
				INFOPLIST_FILE = CodeTrainingTests/Info.plist;
				IPHONEOS_DEPLOYMENT_TARGET = 13.0;
				LD_RUNPATH_SEARCH_PATHS = (
					"$(inherited)",
					"@executable_path/Frameworks",
					"@loader_path/Frameworks",
				);
				PRODUCT_BUNDLE_IDENTIFIER = com.jkkb.CodeTrainingTests;
				PRODUCT_NAME = "$(TARGET_NAME)";
				SWIFT_OPTIMIZATION_LEVEL = "-Onone";
				SWIFT_VERSION = 5.0;
				TARGETED_DEVICE_FAMILY = "1,2";
				TEST_HOST = "$(BUILT_PRODUCTS_DIR)/CodeTraining.app/CodeTraining";
			};
			name = Debug;
		};
		24352D082584CAA90010A346 /* Release */ = {
			isa = XCBuildConfiguration;
			buildSettings = {
				ALWAYS_EMBED_SWIFT_STANDARD_LIBRARIES = YES;
				BUNDLE_LOADER = "$(TEST_HOST)";
				CLANG_ENABLE_MODULES = YES;
				CODE_SIGN_STYLE = Automatic;
				DEVELOPMENT_TEAM = 2427333XUL;
				INFOPLIST_FILE = CodeTrainingTests/Info.plist;
				IPHONEOS_DEPLOYMENT_TARGET = 13.0;
				LD_RUNPATH_SEARCH_PATHS = (
					"$(inherited)",
					"@executable_path/Frameworks",
					"@loader_path/Frameworks",
				);
				PRODUCT_BUNDLE_IDENTIFIER = com.jkkb.CodeTrainingTests;
				PRODUCT_NAME = "$(TARGET_NAME)";
				SWIFT_VERSION = 5.0;
				TARGETED_DEVICE_FAMILY = "1,2";
				TEST_HOST = "$(BUILT_PRODUCTS_DIR)/CodeTraining.app/CodeTraining";
			};
			name = Release;
		};
/* End XCBuildConfiguration section */

/* Begin XCConfigurationList section */
		24352CD42584CAA90010A346 /* Build configuration list for PBXProject "CodeTraining" */ = {
			isa = XCConfigurationList;
			buildConfigurations = (
				24352D012584CAA90010A346 /* Debug */,
				24352D022584CAA90010A346 /* Release */,
			);
			defaultConfigurationIsVisible = 0;
			defaultConfigurationName = Release;
		};
		24352D032584CAA90010A346 /* Build configuration list for PBXNativeTarget "CodeTraining" */ = {
			isa = XCConfigurationList;
			buildConfigurations = (
				24352D042584CAA90010A346 /* Debug */,
				24352D052584CAA90010A346 /* Release */,
			);
			defaultConfigurationIsVisible = 0;
			defaultConfigurationName = Release;
		};
		24352D062584CAA90010A346 /* Build configuration list for PBXNativeTarget "CodeTrainingTests" */ = {
			isa = XCConfigurationList;
			buildConfigurations = (
				24352D072584CAA90010A346 /* Debug */,
				24352D082584CAA90010A346 /* Release */,
			);
			defaultConfigurationIsVisible = 0;
			defaultConfigurationName = Release;
		};
/* End XCConfigurationList section */
	};
	rootObject = 24352CD12584CAA90010A346 /* Project object */;
}
